PODS:
  - HorizontalSelector (0.1.1)

DEPENDENCIES:
  - HorizontalSelector (from `../`)

EXTERNAL SOURCES:
  HorizontalSelector:
    :path: "../"

SPEC CHECKSUMS:
  HorizontalSelector: 14ed7337e7e627ee2e4e43a889396bb088b199ff

PODFILE CHECKSUM: 227234cc869093531fc9dda52d3c183faadd3ad6

COCOAPODS: 1.9.3
